
Microsoft Visual Studio Solution File, Format Version 12.00
# Visual Studio 15
VisualStudioVersion = 15.0.28307.421
MinimumVisualStudioVersion = 10.0.40219.1
Project("{8BC9CEB8-8B4A-11D0-8D11-00A0C91BC942}") = "employee", "employee\employee.vcxproj", "{700CC7E1-B8E1-41EB-A555-F6A23AB1B14F}"
EndProject
Global
	GlobalSection(SolutionConfigurationPlatforms) = preSolution
		Debug|x64 = Debug|x64
		Debug|x86 = Debug|x86
		Release|x64 = Release|x64
		Release|x86 = Release|x86
	EndGlobalSection
	GlobalSection(ProjectConfigurationPlatforms) = postSolution
		{700CC7E1-B8E1-41EB-A555-F6A23AB1B14F}.Debug|x64.ActiveCfg = Debug|x64
		{700CC7E1-B8E1-41EB-A555-F6A23AB1B14F}.Debug|x64.Build.0 = Debug|x64
		{700CC7E1-B8E1-41EB-A555-F6A23AB1B14F}.Debug|x86.ActiveCfg = Debug|Win32
		{700CC7E1-B8E1-41EB-A555-F6A23AB1B14F}.Debug|x86.Build.0 = Debug|Win32
		{700CC7E1-B8E1-41EB-A555-F6A23AB1B14F}.Release|x64.ActiveCfg = Release|x64
		{700CC7E1-B8E1-41EB-A555-F6A23AB1B14F}.Release|x64.Build.0 = Release|x64
		{700CC7E1-B8E1-41EB-A555-F6A23AB1B14F}.Release|x86.ActiveCfg = Release|Win32
		{700CC7E1-B8E1-41EB-A555-F6A23AB1B14F}.Release|x86.Build.0 = Release|Win32
	EndGlobalSection
	GlobalSection(SolutionProperties) = preSolution
		HideSolutionNode = FALSE
	EndGlobalSection
	GlobalSection(ExtensibilityGlobals) = postSolution
		SolutionGuid = {37FE72D2-E6DD-43C7-8B6D-11088F14A639}
	EndGlobalSection
EndGlobal
